<?xml version="1.0" encoding="utf-8"?>
<Project ToolsVersion="4.0" xmlns="http://schemas.microsoft.com/developer/msbuild/2003">
  <ItemGroup>
    <Filter Include="源文件">
      <UniqueIdentifier>{4FC737F1-C7A5-4376-A066-2A32D752A2FF}</UniqueIdentifier>
      <Extensions>cpp;c;cc;cxx;c++;cppm;ixx;def;odl;idl;hpj;bat;asm;asmx</Extensions>
    </Filter>
    <Filter Include="头文件">
      <UniqueIdentifier>{93995380-89BD-4b04-88EB-625FBE52EBFB}</UniqueIdentifier>
      <Extensions>h;hh;hpp;hxx;h++;hm;inl;inc;ipp;xsd</Extensions>
    </Filter>
    <Filter Include="资源文件">
      <UniqueIdentifier>{67DA6AB6-F800-4c08-8B7A-83BB121AAD01}</UniqueIdentifier>
      <Extensions>rc;ico;cur;bmp;dlg;rc2;rct;bin;rgs;gif;jpg;jpeg;jpe;resx;tiff;tif;png;wav;mfcribbon-ms</Extensions>
    </Filter>
  </ItemGroup>
  <ItemGroup>
    <ClCompile Include="01初识c++hello word.cpp">
      <Filter>源文件</Filter>
    </ClCompile>
    <ClCompile Include="02变量的定义.cpp">
      <Filter>源文件</Filter>
    </ClCompile>
    <ClCompile Include="03常量.cpp">
      <Filter>源文件</Filter>
    </ClCompile>
    <ClCompile Include="04关键字.cpp">
      <Filter>源文件</Filter>
    </ClCompile>
    <ClCompile Include="05科学计数法和实型.cpp">
      <Filter>源文件</Filter>
    </ClCompile>
    <ClCompile Include="06数据类型字符型和转义字符.cpp">
      <Filter>源文件</Filter>
    </ClCompile>
    <ClCompile Include="07字符串型_string.cpp">
      <Filter>源文件</Filter>
    </ClCompile>
    <ClCompile Include="08布尔类型bool.cpp">
      <Filter>源文件</Filter>
    </ClCompile>
    <ClCompile Include="09cin输入.cpp">
      <Filter>源文件</Filter>
    </ClCompile>
    <ClCompile Include="10运算符.cpp">
      <Filter>源文件</Filter>
    </ClCompile>
    <ClCompile Include="11if语句.cpp">
      <Filter>源文件</Filter>
    </ClCompile>
    <ClCompile Include="12switch分支语句.cpp">
      <Filter>源文件</Filter>
    </ClCompile>
    <ClCompile Include="13循环结构while语句.cpp">
      <Filter>源文件</Filter>
    </ClCompile>
    <ClCompile Include="14do_while循环语句.cpp">
      <Filter>源文件</Filter>
    </ClCompile>
    <ClCompile Include="15水仙花数.cpp">
      <Filter>源文件</Filter>
    </ClCompile>
    <ClCompile Include="16for循环语句.cpp">
      <Filter>源文件</Filter>
    </ClCompile>
    <ClCompile Include="17数组.cpp">
      <Filter>源文件</Filter>
    </ClCompile>
    <ClCompile Include="18二维数组案例.cpp">
      <Filter>源文件</Filter>
    </ClCompile>
    <ClCompile Include="19函数.cpp">
      <Filter>源文件</Filter>
    </ClCompile>
    <ClCompile Include="20指针.cpp">
      <Filter>源文件</Filter>
    </ClCompile>
    <ClCompile Include="21指针和数组.cpp">
      <Filter>源文件</Filter>
    </ClCompile>
    <ClCompile Include="22指针和函数,排序.cpp">
      <Filter>源文件</Filter>
    </ClCompile>
    <ClCompile Include="23结构体定义和使用.cpp">
      <Filter>源文件</Filter>
    </ClCompile>
    <ClCompile Include="24结构体数组.cpp">
      <Filter>源文件</Filter>
    </ClCompile>
    <ClCompile Include="25结构体指针.cpp">
      <Filter>源文件</Filter>
    </ClCompile>
    <ClCompile Include="26嵌套结构体.cpp">
      <Filter>源文件</Filter>
    </ClCompile>
    <ClCompile Include="27结构体做函数参数.cpp">
      <Filter>源文件</Filter>
    </ClCompile>
    <ClCompile Include="28结构体中const的使用场景.cpp">
      <Filter>源文件</Filter>
    </ClCompile>
    <ClCompile Include="29结构体案例.cpp">
      <Filter>源文件</Filter>
    </ClCompile>
    <ClCompile Include="30c++面向对象编程，全局区.cpp">
      <Filter>源文件</Filter>
    </ClCompile>
    <ClCompile Include="31栈区.cpp">
      <Filter>源文件</Filter>
    </ClCompile>
    <ClCompile Include="32堆区new.cpp">
      <Filter>源文件</Filter>
    </ClCompile>
    <ClCompile Include="33new操作符.cpp">
      <Filter>源文件</Filter>
    </ClCompile>
    <ClCompile Include="34引用.cpp">
      <Filter>源文件</Filter>
    </ClCompile>
    <ClCompile Include="35引用做函数参数.cpp">
      <Filter>源文件</Filter>
    </ClCompile>
    <ClCompile Include="36引用做函数返回值.cpp">
      <Filter>源文件</Filter>
    </ClCompile>
    <ClCompile Include="37常量引用.cpp">
      <Filter>源文件</Filter>
    </ClCompile>
    <ClCompile Include="38函数的默认参数.cpp">
      <Filter>源文件</Filter>
    </ClCompile>
    <ClCompile Include="39函数占位参数.cpp">
      <Filter>源文件</Filter>
    </ClCompile>
    <ClCompile Include="40函数重载.cpp">
      <Filter>源文件</Filter>
    </ClCompile>
    <ClCompile Include="41函数重载的注意事项.cpp">
      <Filter>源文件</Filter>
    </ClCompile>
    <ClCompile Include="42c++类和对象.cpp">
      <Filter>源文件</Filter>
    </ClCompile>
    <ClCompile Include="43类和对象封装案例设计学生类.cpp">
      <Filter>源文件</Filter>
    </ClCompile>
    <ClCompile Include="44类和对象_封装.cpp">
      <Filter>源文件</Filter>
    </ClCompile>
    <ClCompile Include="45c++的struct和class区别.cpp">
      <Filter>源文件</Filter>
    </ClCompile>
    <ClCompile Include="46成员属性设置为私有.cpp">
      <Filter>源文件</Filter>
    </ClCompile>
    <ClCompile Include="47类和对象_封装设计案例.cpp">
      <Filter>源文件</Filter>
    </ClCompile>
    <ClCompile Include="48类和对象_封装设计案例2.cpp">
      <Filter>源文件</Filter>
    </ClCompile>
    <ClCompile Include="49对象的初始化和清理.cpp">
      <Filter>源文件</Filter>
    </ClCompile>
    <ClCompile Include="50构造函数的分类及调用.cpp">
      <Filter>源文件</Filter>
    </ClCompile>
    <ClCompile Include="51构造函数的调用规则.cpp">
      <Filter>源文件</Filter>
    </ClCompile>
    <ClCompile Include="52深拷贝与浅拷贝.cpp">
      <Filter>源文件</Filter>
    </ClCompile>
    <ClCompile Include="53初始化列表.cpp">
      <Filter>源文件</Filter>
    </ClCompile>
    <ClCompile Include="54类对象作为类成员源.cpp">
      <Filter>源文件</Filter>
    </ClCompile>
    <ClCompile Include="55静态成员函数.cpp">
      <Filter>源文件</Filter>
    </ClCompile>
    <ClCompile Include="56c++对象模型和this指针.cpp">
      <Filter>源文件</Filter>
    </ClCompile>
    <ClCompile Include="57this指针.cpp">
      <Filter>源文件</Filter>
    </ClCompile>
    <ClCompile Include="58遍历查找随机数值下标.cpp">
      <Filter>源文件</Filter>
    </ClCompile>
    <ClCompile Include="59空指针访问成员函数.cpp">
      <Filter>源文件</Filter>
    </ClCompile>
    <ClCompile Include="60const修饰成员函数.cpp">
      <Filter>源文件</Filter>
    </ClCompile>
    <ClCompile Include="61全局函数做有元.cpp">
      <Filter>源文件</Filter>
    </ClCompile>
    <ClCompile Include="62类做有元.cpp">
      <Filter>源文件</Filter>
    </ClCompile>
    <ClCompile Include="63成员函数做友元.cpp">
      <Filter>源文件</Filter>
    </ClCompile>
    <ClCompile Include="64运算符重载_加号运算符重载.cpp">
      <Filter>源文件</Filter>
    </ClCompile>
    <ClCompile Include="65运算符重载_左移运算符重载.cpp">
      <Filter>源文件</Filter>
    </ClCompile>
    <ClCompile Include="66运算符重载_递增运算符重载.cpp">
      <Filter>源文件</Filter>
    </ClCompile>
    <ClCompile Include="67运算符重载_赋值运算符重载.cpp">
      <Filter>源文件</Filter>
    </ClCompile>
    <ClCompile Include="68运算符重载_关系运算符重载.cpp">
      <Filter>源文件</Filter>
    </ClCompile>
    <ClCompile Include="69运算符重载_函数调用运算符重载.cpp">
      <Filter>源文件</Filter>
    </ClCompile>
    <ClCompile Include="70继承的基本语法.cpp">
      <Filter>源文件</Filter>
    </ClCompile>
    <ClCompile Include="71继承方式.cpp">
      <Filter>源文件</Filter>
    </ClCompile>
    <ClCompile Include="72继承中的对象模型.cpp">
      <Filter>源文件</Filter>
    </ClCompile>
    <ClCompile Include="73继承的构造和析构顺序.cpp">
      <Filter>源文件</Filter>
    </ClCompile>
    <ClCompile Include="74继承同名成员处理方式.cpp">
      <Filter>源文件</Filter>
    </ClCompile>
    <ClCompile Include="75继承中同名静态成员处理.cpp">
      <Filter>源文件</Filter>
    </ClCompile>
    <ClCompile Include="76多继承语法cpp.cpp">
      <Filter>源文件</Filter>
    </ClCompile>
    <ClCompile Include="77菱形继承.cpp">
      <Filter>源文件</Filter>
    </ClCompile>
    <ClCompile Include="78多态_基本语法.cpp">
      <Filter>源文件</Filter>
    </ClCompile>
    <ClCompile Include="79多态_案例1_计算器实现.cpp">
      <Filter>源文件</Filter>
    </ClCompile>
    <ClCompile Include="80多态_纯虚函数和多态类.cpp">
      <Filter>源文件</Filter>
    </ClCompile>
    <ClCompile Include="81多态_案例2_制作饮品.cpp">
      <Filter>源文件</Filter>
    </ClCompile>
    <ClCompile Include="82多态_虚析构和纯虚析构.cpp">
      <Filter>源文件</Filter>
    </ClCompile>
    <ClCompile Include="83多态_案例3_电脑组装.cpp">
      <Filter>源文件</Filter>
    </ClCompile>
    <ClCompile Include="84c++文件操作_写文件.cpp">
      <Filter>源文件</Filter>
    </ClCompile>
    <ClCompile Include="85c++文件操作_读文件.cpp">
      <Filter>源文件</Filter>
    </ClCompile>
    <ClCompile Include="86c++文件操作_二进制文件_写入与读取.cpp">
      <Filter>源文件</Filter>
    </ClCompile>
    <ClCompile Include="87c++模板_函数模板基本语法.cpp">
      <Filter>源文件</Filter>
    </ClCompile>
    <ClCompile Include="88c++模板_函数模板注意事项.cpp">
      <Filter>源文件</Filter>
    </ClCompile>
    <ClCompile Include="89c++模板_函数模板案例.cpp">
      <Filter>源文件</Filter>
    </ClCompile>
    <ClCompile Include="90c++模板_普通函数与函数模板的区别.cpp">
      <Filter>源文件</Filter>
    </ClCompile>
    <ClCompile Include="91c++模板_普通函数与函数模板调用规则.cpp">
      <Filter>源文件</Filter>
    </ClCompile>
    <ClCompile Include="92c++模板_模板的局限性.cpp">
      <Filter>源文件</Filter>
    </ClCompile>
    <ClCompile Include="93c++模板_类模板的语法.cpp">
      <Filter>源文件</Filter>
    </ClCompile>
    <ClCompile Include="94c++模板_类模板与函数模板区别.cpp">
      <Filter>源文件</Filter>
    </ClCompile>
    <ClCompile Include="95c++模板_类模板中成员函数的创建时机.cpp">
      <Filter>源文件</Filter>
    </ClCompile>
    <ClCompile Include="96c++模板_类模板对象做函数参数.cpp">
      <Filter>源文件</Filter>
    </ClCompile>
    <ClCompile Include="97c++模板_类模板与继承.cpp">
      <Filter>源文件</Filter>
    </ClCompile>
    <ClCompile Include="98c++模板_类模板成员函数类外实现.cpp">
      <Filter>源文件</Filter>
    </ClCompile>
    <ClCompile Include="99c++模板_类模板分文件编写.cpp">
      <Filter>源文件</Filter>
    </ClCompile>
    <ClCompile Include="99.1person.cpp">
      <Filter>源文件</Filter>
    </ClCompile>
    <ClCompile Include="100c++模板_类模板与友元.cpp">
      <Filter>源文件</Filter>
    </ClCompile>
    <ClCompile Include="101STL初识_vector存放内置数据类型.cpp">
      <Filter>源文件</Filter>
    </ClCompile>
    <ClCompile Include="102STL初识_vector存放自定义数据类型.cpp">
      <Filter>源文件</Filter>
    </ClCompile>
    <ClCompile Include="103STL初识_vector容器嵌套vector容器.cpp">
      <Filter>源文件</Filter>
    </ClCompile>
    <ClCompile Include="104string容器_构造函数.cpp">
      <Filter>源文件</Filter>
    </ClCompile>
    <ClCompile Include="105string容器_字符串拼接.cpp">
      <Filter>源文件</Filter>
    </ClCompile>
    <ClCompile Include="106string容器_字符串的查找和替换.cpp">
      <Filter>源文件</Filter>
    </ClCompile>
    <ClCompile Include="107string容器_字符串比较.cpp">
      <Filter>源文件</Filter>
    </ClCompile>
    <ClCompile Include="108string容器_字符存取.cpp">
      <Filter>源文件</Filter>
    </ClCompile>
    <ClCompile Include="109string容器_string插入和删除.cpp">
      <Filter>源文件</Filter>
    </ClCompile>
    <ClCompile Include="110string_子串.cpp">
      <Filter>源文件</Filter>
    </ClCompile>
    <ClCompile Include="111vector基本概念.cpp">
      <Filter>源文件</Filter>
    </ClCompile>
    <ClCompile Include="112atexit函数.cpp">
      <Filter>源文件</Filter>
    </ClCompile>
    <ClCompile Include="113vector赋值操作.cpp">
      <Filter>源文件</Filter>
    </ClCompile>
    <ClCompile Include="114vector的容量和大小.cpp">
      <Filter>源文件</Filter>
    </ClCompile>
    <ClCompile Include="115vector容器_插入和删除.cpp">
      <Filter>源文件</Filter>
    </ClCompile>
    <ClCompile Include="116vector数据存储.cpp">
      <Filter>源文件</Filter>
    </ClCompile>
    <ClCompile Include="117vector互换容器.cpp">
      <Filter>源文件</Filter>
    </ClCompile>
    <ClCompile Include="118用宏定义得到一个字的高位和低位字节.cpp">
      <Filter>源文件</Filter>
    </ClCompile>
    <ClCompile Include="119vector预留空间.cpp">
      <Filter>源文件</Filter>
    </ClCompile>
    <ClCompile Include="120deque容器基本概念cpp.cpp">
      <Filter>源文件</Filter>
    </ClCompile>
    <ClCompile Include="121pragma_pack()命令.cpp">
      <Filter>源文件</Filter>
    </ClCompile>
    <ClCompile Include="122deque赋值操作.cpp">
      <Filter>源文件</Filter>
    </ClCompile>
    <ClCompile Include="123deque大小操作.cpp">
      <Filter>源文件</Filter>
    </ClCompile>
    <ClCompile Include="124deque插入和删除操作.cpp">
      <Filter>源文件</Filter>
    </ClCompile>
    <ClCompile Include="125deque数据存储.cpp">
      <Filter>源文件</Filter>
    </ClCompile>
    <ClCompile Include="c++练习.cpp">
      <Filter>源文件</Filter>
    </ClCompile>
    <ClCompile Include="126duque排序.cpp">
      <Filter>源文件</Filter>
    </ClCompile>
    <ClCompile Include="127指向字符串常量的指针.cpp">
      <Filter>源文件</Filter>
    </ClCompile>
    <ClCompile Include="128案例_评委打分.cpp">
      <Filter>源文件</Filter>
    </ClCompile>
    <ClCompile Include="129stack容器常用接口.cpp">
      <Filter>源文件</Filter>
    </ClCompile>
    <ClCompile Include="130list容器_构造函数.cpp">
      <Filter>源文件</Filter>
    </ClCompile>
    <ClCompile Include="131list容器_赋值和交换.cpp">
      <Filter>源文件</Filter>
    </ClCompile>
    <ClCompile Include="132list大小操作.cpp">
      <Filter>源文件</Filter>
    </ClCompile>
    <ClCompile Include="133c_c++程序员生存手册.cpp">
      <Filter>源文件</Filter>
    </ClCompile>
    <ClCompile Include="134list容器_插入和删除.cpp">
      <Filter>源文件</Filter>
    </ClCompile>
    <ClCompile Include="135list容器_数据存取.cpp">
      <Filter>源文件</Filter>
    </ClCompile>
    <ClCompile Include="136排序案例.cpp">
      <Filter>源文件</Filter>
    </ClCompile>
    <ClCompile Include="137queue容器.cpp">
      <Filter>源文件</Filter>
    </ClCompile>
    <ClCompile Include="139set容器_构造和赋值.cpp">
      <Filter>源文件</Filter>
    </ClCompile>
    <ClCompile Include="138list容器_反转和排序.cpp">
      <Filter>源文件</Filter>
    </ClCompile>
    <ClCompile Include="140set容器_大小和交换.cpp">
      <Filter>源文件</Filter>
    </ClCompile>
    <ClCompile Include="141set容器_插入和删除.cpp">
      <Filter>源文件</Filter>
    </ClCompile>
    <ClCompile Include="142set查找和统计.cpp">
      <Filter>源文件</Filter>
    </ClCompile>
    <ClCompile Include="143set和multiset的区别.cpp">
      <Filter>源文件</Filter>
    </ClCompile>
    <ClCompile Include="144pair对组创建.cpp">
      <Filter>源文件</Filter>
    </ClCompile>
    <ClCompile Include="145set容器_排序.cpp">
      <Filter>源文件</Filter>
    </ClCompile>
    <ClCompile Include="146set容器_排序(自定义数据类型).cpp">
      <Filter>源文件</Filter>
    </ClCompile>
    <ClCompile Include="147map容器_构造和赋值.cpp">
      <Filter>源文件</Filter>
    </ClCompile>
    <ClCompile Include="148map容器_大小和交换.cpp">
      <Filter>源文件</Filter>
    </ClCompile>
    <ClCompile Include="149map容器_插入和删除.cpp">
      <Filter>源文件</Filter>
    </ClCompile>
    <ClCompile Include="150map容器_查找和统计.cpp">
      <Filter>源文件</Filter>
    </ClCompile>
    <ClCompile Include="151map容器_排序.cpp">
      <Filter>源文件</Filter>
    </ClCompile>
    <ClCompile Include="152案例_员工分组.cpp">
      <Filter>源文件</Filter>
    </ClCompile>
    <ClCompile Include="153函数对象基本使用.cpp">
      <Filter>源文件</Filter>
    </ClCompile>
    <ClCompile Include="154谓词_一元谓词.cpp">
      <Filter>源文件</Filter>
    </ClCompile>
    <ClCompile Include="155谓词_二元谓词.cpp">
      <Filter>源文件</Filter>
    </ClCompile>
    <ClCompile Include="156内建函数对象_算数仿函数.cpp">
      <Filter>源文件</Filter>
    </ClCompile>
    <ClCompile Include="157内建函数对象_关系仿函数.cpp">
      <Filter>源文件</Filter>
    </ClCompile>
    <ClCompile Include="158内建函数对象_逻辑仿函数.cpp">
      <Filter>源文件</Filter>
    </ClCompile>
    <ClCompile Include="159使用标准算法sort排序数组.cpp">
      <Filter>源文件</Filter>
    </ClCompile>
    <ClCompile Include="160常用遍历算法_for_each.cpp">
      <Filter>源文件</Filter>
    </ClCompile>
    <ClCompile Include="161常用遍历算法_transform.cpp">
      <Filter>源文件</Filter>
    </ClCompile>
    <ClCompile Include="162常用查找算法_find.cpp">
      <Filter>源文件</Filter>
    </ClCompile>
    <ClCompile Include="163常用查找算法_find_if.cpp">
      <Filter>源文件</Filter>
    </ClCompile>
    <ClCompile Include="164常用查找算法_ adjacent_find.cpp">
      <Filter>源文件</Filter>
    </ClCompile>
    <ClCompile Include="165常用查找算法_binary_search.cpp">
      <Filter>源文件</Filter>
    </ClCompile>
    <ClCompile Include="166常用查找算法_count.cpp">
      <Filter>源文件</Filter>
    </ClCompile>
    <ClCompile Include="167常用遍历算法_count_if.cpp">
      <Filter>源文件</Filter>
    </ClCompile>
    <ClCompile Include="168常用排序算法_sort.cpp">
      <Filter>源文件</Filter>
    </ClCompile>
    <ClCompile Include="169常用排序算法random_shuffle.cpp">
      <Filter>源文件</Filter>
    </ClCompile>
    <ClCompile Include="170常用排序算法_merge.cpp">
      <Filter>源文件</Filter>
    </ClCompile>
    <ClCompile Include="171常用排序算法_reverse.cpp">
      <Filter>源文件</Filter>
    </ClCompile>
    <ClCompile Include="172常用拷贝和替换算法_copy.cpp">
      <Filter>源文件</Filter>
    </ClCompile>
    <ClCompile Include="173常用拷贝和替换算法replace.cpp">
      <Filter>源文件</Filter>
    </ClCompile>
    <ClCompile Include="174常用拷贝和替换算法_replace_if.cpp">
      <Filter>源文件</Filter>
    </ClCompile>
    <ClCompile Include="175常用拷贝和替换算法_swap.cpp">
      <Filter>源文件</Filter>
    </ClCompile>
    <ClCompile Include="176常用算术生成算法_accumulate求和.cpp">
      <Filter>源文件</Filter>
    </ClCompile>
    <ClCompile Include="177常用算术生成算法_fill.cpp">
      <Filter>源文件</Filter>
    </ClCompile>
    <ClCompile Include="178常用集合算法_set_intersection.cpp">
      <Filter>源文件</Filter>
    </ClCompile>
    <ClCompile Include="179常用集合算法_set_union.cpp">
      <Filter>源文件</Filter>
    </ClCompile>
    <ClCompile Include="180常用集合算法_set_difference.cpp">
      <Filter>源文件</Filter>
    </ClCompile>
    <ClCompile Include="181结构化绑定c++17.cpp">
      <Filter>源文件</Filter>
    </ClCompile>
    <ClCompile Include="182getch函数.cpp">
      <Filter>源文件</Filter>
    </ClCompile>
    <ClCompile Include="183限定作用域枚举类型.cpp">
      <Filter>源文件</Filter>
    </ClCompile>
    <ClCompile Include="184内联函数.cpp">
      <Filter>源文件</Filter>
    </ClCompile>
    <ClCompile Include="185命名空间.cpp">
      <Filter>源文件</Filter>
    </ClCompile>
    <ClCompile Include="186文件创建写入读取.cpp">
      <Filter>源文件</Filter>
    </ClCompile>
    <ClCompile Include="187链式编程.cpp">
      <Filter>源文件</Filter>
    </ClCompile>
    <ClCompile Include="188对象数组.cpp">
      <Filter>源文件</Filter>
    </ClCompile>
    <ClCompile Include="189c++11随机数.cpp">
      <Filter>源文件</Filter>
    </ClCompile>
    <ClCompile Include="190explicit关键字.cpp">
      <Filter>源文件</Filter>
    </ClCompile>
    <ClCompile Include="191c++转换函数.cpp">
      <Filter>源文件</Filter>
    </ClCompile>
    <ClCompile Include="192算法库接收函数与仿函数的实例.cpp">
      <Filter>源文件</Filter>
    </ClCompile>
    <ClCompile Include="193valarray类.cpp">
      <Filter>源文件</Filter>
    </ClCompile>
    <ClCompile Include="194count和count_if算法.cpp">
      <Filter>源文件</Filter>
    </ClCompile>
    <ClCompile Include="195using别名.cpp">
      <Filter>源文件</Filter>
    </ClCompile>
    <ClCompile Include="196c++嵌套类.cpp">
      <Filter>源文件</Filter>
    </ClCompile>
    <ClCompile Include="197异常.cpp">
      <Filter>源文件</Filter>
    </ClCompile>
    <ClCompile Include="198智能指针.cpp">
      <Filter>源文件</Filter>
    </ClCompile>
    <ClCompile Include="199copy算法和各种迭代器.cpp">
      <Filter>源文件</Filter>
    </ClCompile>
    <ClCompile Include="200set容器算法.cpp">
      <Filter>源文件</Filter>
    </ClCompile>
    <ClCompile Include="201transform算法.cpp">
      <Filter>源文件</Filter>
    </ClCompile>
    <ClCompile Include="202cout_cin的格式.cpp">
      <Filter>源文件</Filter>
    </ClCompile>
    <ClCompile Include="203decltype关键字的使用.cpp">
      <Filter>源文件</Filter>
    </ClCompile>
    <ClCompile Include="204Lambda函数.cpp">
      <Filter>源文件</Filter>
    </ClCompile>
    <ClCompile Include="205可变参数模板.cpp">
      <Filter>源文件</Filter>
    </ClCompile>
    <ClCompile Include="206partition算法forward_list容器.cpp">
      <Filter>源文件</Filter>
    </ClCompile>
    <ClCompile Include="207中缀表达式转换成后缀表达式.cpp">
      <Filter>源文件</Filter>
    </ClCompile>
    <ClCompile Include="208变长模板和可变参数个数.cpp">
      <Filter>源文件</Filter>
    </ClCompile>
    <ClCompile Include="209override关键字.cpp">
      <Filter>源文件</Filter>
    </ClCompile>
    <ClCompile Include="210final关键字.cpp">
      <Filter>源文件</Filter>
    </ClCompile>
    <ClCompile Include="211静态断言.cpp">
      <Filter>源文件</Filter>
    </ClCompile>
    <ClCompile Include="212is_same判断类型是否相等.cpp">
      <Filter>源文件</Filter>
    </ClCompile>
    <ClCompile Include="213unique_ptr智能指针.cpp">
      <Filter>源文件</Filter>
    </ClCompile>
    <ClCompile Include="214shared_ptr智能指针.cpp">
      <Filter>源文件</Filter>
    </ClCompile>
    <ClCompile Include="215完美转发forward.cpp">
      <Filter>源文件</Filter>
    </ClCompile>
    <ClCompile Include="216委托构造.cpp">
      <Filter>源文件</Filter>
    </ClCompile>
    <ClCompile Include="217原生字符串字面值.cpp">
      <Filter>源文件</Filter>
    </ClCompile>
    <ClCompile Include="218bind和function配合使用.cpp">
      <Filter>源文件</Filter>
    </ClCompile>
    <ClCompile Include="219function的使用.cpp">
      <Filter>源文件</Filter>
    </ClCompile>
    <ClCompile Include="220decltype推断_多种方式设置模板返回类型.cpp">
      <Filter>源文件</Filter>
    </ClCompile>
    <ClCompile Include="221const_cast强转转换.cpp">
      <Filter>源文件</Filter>
    </ClCompile>
    <ClCompile Include="222类模板默认参数与size_t值.cpp">
      <Filter>源文件</Filter>
    </ClCompile>
    <ClCompile Include="223c++17折叠表达式.cpp">
      <Filter>源文件</Filter>
    </ClCompile>
    <ClCompile Include="224c++ complex复数类.cpp">
      <Filter>源文件</Filter>
    </ClCompile>
    <ClCompile Include="225变参模板类.cpp">
      <Filter>源文件</Filter>
    </ClCompile>
    <ClCompile Include="226变参下标.cpp">
      <Filter>源文件</Filter>
    </ClCompile>
    <ClCompile Include="227模板继承的访问this指针问题.cpp">
      <Filter>源文件</Filter>
    </ClCompile>
    <ClCompile Include="228数组引用.cpp">
      <Filter>源文件</Filter>
    </ClCompile>
    <ClCompile Include="229模板类成员函数为模板.cpp">
      <Filter>源文件</Filter>
    </ClCompile>
    <ClCompile Include="230函数模板特例化.cpp">
      <Filter>源文件</Filter>
    </ClCompile>
    <ClCompile Include="231类模板特例化.cpp">
      <Filter>源文件</Filter>
    </ClCompile>
    <ClCompile Include="232c++14泛型lambda和成员模板.cpp">
      <Filter>源文件</Filter>
    </ClCompile>
    <ClCompile Include="233变量模板.cpp">
      <Filter>源文件</Filter>
    </ClCompile>
    <ClCompile Include="234用于数据成员的变量模板.cpp">
      <Filter>源文件</Filter>
    </ClCompile>
    <ClCompile Include="235类型萃取Suffix_v.cpp">
      <Filter>源文件</Filter>
    </ClCompile>
    <ClCompile Include="236模板模板参数.cpp">
      <Filter>源文件</Filter>
    </ClCompile>
    <ClCompile Include="237特殊成员函数模板.cpp">
      <Filter>源文件</Filter>
    </ClCompile>
    <ClCompile Include="238通过enable_if禁用模板.cpp">
      <Filter>源文件</Filter>
    </ClCompile>
    <ClCompile Include="239使用enable_if.cpp">
      <Filter>源文件</Filter>
    </ClCompile>
    <ClCompile Include="240使用Concepts简化enable_if.cpp">
      <Filter>源文件</Filter>
    </ClCompile>
    <ClCompile Include="241模板引用常见问题.cpp">
      <Filter>源文件</Filter>
    </ClCompile>
    <ClCompile Include="242is_array与is_const.cpp">
      <Filter>源文件</Filter>
    </ClCompile>
    <ClCompile Include="243禁用非const引用传递const对象三种方式.cpp">
      <Filter>源文件</Filter>
    </ClCompile>
    <ClCompile Include="244使用ref%28%29和cref%28%29.cpp">
      <Filter>源文件</Filter>
    </ClCompile>
    <ClCompile Include="245模板编译期通过多种方式判断是否为质数.cpp">
      <Filter>源文件</Filter>
    </ClCompile>
    <ClCompile Include="246override重写.cpp">
      <Filter>源文件</Filter>
    </ClCompile>
    <ClCompile Include="247编译期if.cpp">
      <Filter>源文件</Filter>
    </ClCompile>
    <ClCompile Include="248addressoff()获取任意对象类型的地址.cpp">
      <Filter>源文件</Filter>
    </ClCompile>
    <ClCompile Include="249c++tuple元组.cpp">
      <Filter>源文件</Filter>
    </ClCompile>
    <ClCompile Include="250bitset 容器.cpp">
      <Filter>源文件</Filter>
    </ClCompile>
    <ClCompile Include="251打印当前时间.cpp">
      <Filter>源文件</Filter>
    </ClCompile>
    <ClCompile Include="252可变参数高级.cpp">
      <Filter>源文件</Filter>
    </ClCompile>
    <ClCompile Include="253rotate算法_旋转序列.cpp">
      <Filter>源文件</Filter>
    </ClCompile>
    <ClCompile Include="254c++20range.cpp">
      <Filter>源文件</Filter>
    </ClCompile>
    <ClCompile Include="255range配合for_each等算法使用.cpp">
      <Filter>源文件</Filter>
    </ClCompile>
    <ClCompile Include="256copy_if.cpp">
      <Filter>源文件</Filter>
    </ClCompile>
    <ClCompile Include="257rotate_copy.cpp">
      <Filter>源文件</Filter>
    </ClCompile>
    <ClCompile Include="258chrono时间库.cpp">
      <Filter>源文件</Filter>
    </ClCompile>
    <ClCompile Include="259多线程hardware_concurrency返回支持的并发线程数.cpp">
      <Filter>源文件</Filter>
    </ClCompile>
    <ClCompile Include="260advance前进函数.cpp">
      <Filter>源文件</Filter>
    </ClCompile>
    <ClCompile Include="261distance返回路程.cpp">
      <Filter>源文件</Filter>
    </ClCompile>
    <ClCompile Include="262noexcept异常与运算符.cpp">
      <Filter>源文件</Filter>
    </ClCompile>
    <ClCompile Include="263inplace_merge()函数.cpp">
      <Filter>源文件</Filter>
    </ClCompile>
    <ClCompile Include="264variant变体数据类型.cpp">
      <Filter>源文件</Filter>
    </ClCompile>
    <ClCompile Include="265新式重载.cpp">
      <Filter>源文件</Filter>
    </ClCompile>
    <ClCompile Include="266变参变量模板与变长模板类.cpp">
      <Filter>源文件</Filter>
    </ClCompile>
    <ClCompile Include="267类型萃取common_type_t类型衰退decay_t推导.cpp">
      <Filter>源文件</Filter>
    </ClCompile>
    <ClCompile Include="268饿汉单例.cpp">
      <Filter>源文件</Filter>
    </ClCompile>
    <ClCompile Include="269懒汉单例.cpp">
      <Filter>源文件</Filter>
    </ClCompile>
    <ClCompile Include="270union的奇怪UB.cpp">
      <Filter>源文件</Filter>
    </ClCompile>
    <ClCompile Include="271c++17结构化绑定遍历map.cpp">
      <Filter>源文件</Filter>
    </ClCompile>
    <ClCompile Include="272include引入数据.cpp">
      <Filter>源文件</Filter>
    </ClCompile>
    <ClCompile Include="273basic_string的int版本.cpp">
      <Filter>源文件</Filter>
    </ClCompile>
    <ClCompile Include="274operator_new_delete.cpp">
      <Filter>源文件</Filter>
    </ClCompile>
    <ClCompile Include="275c++17 utf-8字面量.cpp">
      <Filter>源文件</Filter>
    </ClCompile>
    <ClCompile Include="276enable_if.cpp">
      <Filter>源文件</Filter>
    </ClCompile>
    <ClCompile Include="277c++17byte.cpp">
      <Filter>源文件</Filter>
    </ClCompile>
    <ClCompile Include="278inserter函数获取插入迭代器_命名空间别名.cpp">
      <Filter>源文件</Filter>
    </ClCompile>
    <ClCompile Include="279传递成员函数或成员变量作为参数_invoke.cpp">
      <Filter>源文件</Filter>
    </ClCompile>
    <ClCompile Include="280枚举做函数参数.cpp">
      <Filter>源文件</Filter>
    </ClCompile>
    <ClCompile Include="281正则表达式.cpp">
      <Filter>源文件</Filter>
    </ClCompile>
    <ClCompile Include="282模板默认参数和特例化.cpp">
      <Filter>源文件</Filter>
    </ClCompile>
    <ClCompile Include="283c++14预定义字面量后缀运算符_时间.cpp">
      <Filter>源文件</Filter>
    </ClCompile>
    <ClCompile Include="284stringstream简化类型转换.cpp">
      <Filter>源文件</Filter>
    </ClCompile>
    <ClCompile Include="285parallel_for并行算法.cpp">
      <Filter>源文件</Filter>
    </ClCompile>
    <ClCompile Include="286parallel_for_each并行算法.cpp">
      <Filter>源文件</Filter>
    </ClCompile>
    <ClCompile Include="287parallel_invoke多个任务同时进行的并行算法.cpp">
      <Filter>源文件</Filter>
    </ClCompile>
    <ClCompile Include="288parallel_sort并行排序算法.cpp">
      <Filter>源文件</Filter>
    </ClCompile>
    <ClCompile Include="289mt19937高性能产生随机数.cpp">
      <Filter>源文件</Filter>
    </ClCompile>
    <ClCompile Include="290windows的API查看当前进程ID.cpp">
      <Filter>源文件</Filter>
    </ClCompile>
    <ClCompile Include="291外部传入参数执行.cpp">
      <Filter>源文件</Filter>
    </ClCompile>
    <ClCompile Include="292C++20concept.cpp">
      <Filter>源文件</Filter>
    </ClCompile>
    <ClCompile Include="293C++17类模板推导.cpp">
      <Filter>源文件</Filter>
    </ClCompile>
    <ClCompile Include="294C++17filesystem.cpp">
      <Filter>源文件</Filter>
    </ClCompile>
    <ClCompile Include="295C++17sort并行排序.cpp">
      <Filter>源文件</Filter>
    </ClCompile>
    <ClCompile Include="296C++17并行求和算法.cpp">
      <Filter>源文件</Filter>
    </ClCompile>
    <ClCompile Include="297for_each_n.cpp">
      <Filter>源文件</Filter>
    </ClCompile>
    <ClCompile Include="298C++17from_chars和to_chars.cpp">
      <Filter>源文件</Filter>
    </ClCompile>
    <ClCompile Include="299C++20format.cpp">
      <Filter>源文件</Filter>
    </ClCompile>
    <ClCompile Include="300numeric_limits获取类型最大最小值.cpp">
      <Filter>源文件</Filter>
    </ClCompile>
    <ClCompile Include="301C++11thread_local关键字.cpp">
      <Filter>源文件</Filter>
    </ClCompile>
    <ClCompile Include="302logic_error抛出异常信息.cpp">
      <Filter>源文件</Filter>
    </ClCompile>
    <ClCompile Include="303allocarot空间配置器、.cpp">
      <Filter>源文件</Filter>
    </ClCompile>
    <ClCompile Include="304类构造的各种优化.cpp">
      <Filter>源文件</Filter>
    </ClCompile>
    <ClCompile Include="305重定义标准输出流.cpp">
      <Filter>源文件</Filter>
    </ClCompile>
    <ClCompile Include="306c++11内联命名空间.cpp">
      <Filter>源文件</Filter>
    </ClCompile>
    <ClCompile Include="307任意进制转10进制.cpp">
      <Filter>源文件</Filter>
    </ClCompile>
    <ClCompile Include="308位域.cpp">
      <Filter>源文件</Filter>
    </ClCompile>
    <ClCompile Include="309volatile修饰符.cpp">
      <Filter>源文件</Filter>
    </ClCompile>
    <ClCompile Include="310union类.cpp">
      <Filter>源文件</Filter>
    </ClCompile>
    <ClCompile Include="311懒汉单例(线程不安全).cpp">
      <Filter>源文件</Filter>
    </ClCompile>
    <ClCompile Include="312饿汉单例.cpp">
      <Filter>源文件</Filter>
    </ClCompile>
    <ClCompile Include="313clock()计时函数.cpp">
      <Filter>源文件</Filter>
    </ClCompile>
    <ClCompile Include="314GetTickCount()计时函数.cpp">
      <Filter>源文件</Filter>
    </ClCompile>
    <ClCompile Include="315strtol任意进制字符串转10进制整形.cpp">
      <Filter>源文件</Filter>
    </ClCompile>
    <ClCompile Include="316map的function绑定泛型lambda函数式编程.cpp">
      <Filter>源文件</Filter>
    </ClCompile>
    <ClCompile Include="317atomic_flag.cpp">
      <Filter>源文件</Filter>
    </ClCompile>
    <ClCompile Include="318保证先后一致次序的原子操作次序.cpp">
      <Filter>源文件</Filter>
    </ClCompile>
    <ClCompile Include="319宽松原子操作.cpp">
      <Filter>源文件</Filter>
    </ClCompile>
    <ClCompile Include="320多个线程上的宽松原子操作.cpp">
      <Filter>源文件</Filter>
    </ClCompile>
    <ClCompile Include="321获取-释放次序.cpp">
      <Filter>源文件</Filter>
    </ClCompile>
    <ClCompile Include="322any与泛型lambda.cpp">
      <Filter>源文件</Filter>
    </ClCompile>
    <ClCompile Include="323C++17visit.cpp">
      <Filter>源文件</Filter>
    </ClCompile>
    <ClCompile Include="324istringstream转类型给容器遍历.cpp">
      <Filter>源文件</Filter>
    </ClCompile>
    <ClCompile Include="325io优化.cpp">
      <Filter>源文件</Filter>
    </ClCompile>
    <ClCompile Include="326string_literals内预定义字面量后缀运算符与字符串字面量运算符模板.cpp">
      <Filter>源文件</Filter>
    </ClCompile>
    <ClCompile Include="327栅栏令宽松原子操作服从一定的次序.cpp">
      <Filter>源文件</Filter>
    </ClCompile>
    <ClCompile Include="328向非原子操作服从内存次序.cpp">
      <Filter>源文件</Filter>
    </ClCompile>
    <ClCompile Include="329带有精细粒度锁的线程安全队列.cpp">
      <Filter>源文件</Filter>
    </ClCompile>
    <ClCompile Include="330C++11hash的使用与quoted.cpp">
      <Filter>源文件</Filter>
    </ClCompile>
    <ClCompile Include="331线程安全链表.cpp">
      <Filter>源文件</Filter>
    </ClCompile>
    <ClCompile Include="332unique_copy与back_inserter后端插入.cpp">
      <Filter>源文件</Filter>
    </ClCompile>
    <ClCompile Include="333四种类型转换.cpp">
      <Filter>源文件</Filter>
    </ClCompile>
    <ClCompile Include="334source_location.cpp">
      <Filter>源文件</Filter>
    </ClCompile>
    <ClCompile Include="335C++17string_view.cpp">
      <Filter>源文件</Filter>
    </ClCompile>
    <ClCompile Include="336进程线程CPU时间片轮转.cpp">
      <Filter>源文件</Filter>
    </ClCompile>
    <ClCompile Include="337聚合初始化与聚合类.cpp">
      <Filter>源文件</Filter>
    </ClCompile>
    <ClCompile Include="338遍历tuple.cpp">
      <Filter>源文件</Filter>
    </ClCompile>
    <ClCompile Include="339less与包装可变参数版min.cpp">
      <Filter>源文件</Filter>
    </ClCompile>
    <ClCompile Include="340静态嵌套类.cpp">
      <Filter>源文件</Filter>
    </ClCompile>
    <ClCompile Include="341C++20span跨度类.cpp">
      <Filter>源文件</Filter>
    </ClCompile>
    <ClCompile Include="342equal检查字符串是否回文.cpp">
      <Filter>源文件</Filter>
    </ClCompile>
    <ClCompile Include="343unordered_map.cpp">
      <Filter>源文件</Filter>
    </ClCompile>
    <ClCompile Include="344C++17optional.cpp">
      <Filter>源文件</Filter>
    </ClCompile>
    <ClCompile Include="345function返回函数指针保留状态的问题.cpp">
      <Filter>源文件</Filter>
    </ClCompile>
    <ClCompile Include="346Windows下用getenv获取环境变量分割字符串.cpp">
      <Filter>源文件</Filter>
    </ClCompile>
    <ClCompile Include="347C++14integer_sequence参数包与可变参数.cpp">
      <Filter>源文件</Filter>
    </ClCompile>
    <ClCompile Include="348std的问题.cpp">
      <Filter>源文件</Filter>
    </ClCompile>
    <ClCompile Include="349ratio.cpp">
      <Filter>源文件</Filter>
    </ClCompile>
  </ItemGroup>
  <ItemGroup>
    <ClInclude Include="HS.h">
      <Filter>头文件</Filter>
    </ClInclude>
    <ClInclude Include="class.h">
      <Filter>头文件</Filter>
    </ClInclude>
    <ClInclude Include="person.hpp">
      <Filter>头文件</Filter>
    </ClInclude>
    <ClInclude Include="namespace.h">
      <Filter>头文件</Filter>
    </ClInclude>
    <ClInclude Include="data.h">
      <Filter>头文件</Filter>
    </ClInclude>
  </ItemGroup>
  <ItemGroup>
    <Text Include="文件2.txt">
      <Filter>源文件</Filter>
    </Text>
    <Text Include="文件.txt">
      <Filter>源文件</Filter>
    </Text>
  </ItemGroup>
  <ItemGroup>
    <None Include="cpp.hint" />
    <None Include="笔记.md">
      <Filter>源文件</Filter>
    </None>
  </ItemGroup>
</Project>