
Microsoft Visual Studio Solution File, Format Version 12.00
# Visual Studio Version 17
VisualStudioVersion = 17.0.32014.148
MinimumVisualStudioVersion = 10.0.40219.1
Project("{8BC9CEB8-8B4A-11D0-8D11-00A0C91BC942}") = "c++2022_1_19", "c++2022_1_19.vcxproj", "{4BE57480-B150-4EF0-99E4-8EAC4BF140D7}"
EndProject
Project("{8BC9CEB8-8B4A-11D0-8D11-00A0C91BC942}") = "2022_3_2", "..\2022_3_2\2022_3_2.vcxproj", "{1407E64E-06DD-4C72-B311-75625A479105}"
EndProject
Project("{8BC9CEB8-8B4A-11D0-8D11-00A0C91BC942}") = "C语言代码", "..\..\vsC项目\2022_1_6\C语言基础\Project1.vcxproj", "{1D745196-179F-4488-BFF6-BF1C035B794B}"
EndProject
Project("{8BC9CEB8-8B4A-11D0-8D11-00A0C91BC942}") = "链表", "..\链表\链表.vcxproj", "{576ECB43-0253-4ADE-B2E2-29F27CFB0028}"
EndProject
Project("{8BC9CEB8-8B4A-11D0-8D11-00A0C91BC942}") = "企业链表", "..\企业链表\企业链表.vcxproj", "{536548BC-E762-4EE1-AA30-BA7254C9F0A9}"
EndProject
Project("{8BC9CEB8-8B4A-11D0-8D11-00A0C91BC942}") = "职工管理系统", "..\职工管理系统\职工管理系统.vcxproj", "{B8F506AC-CC5F-4701-B6E1-7F707EDFE652}"
EndProject
Project("{8BC9CEB8-8B4A-11D0-8D11-00A0C91BC942}") = "力扣", "..\测试\测试.vcxproj", "{77AE63EF-0AAE-4757-A131-9D080BE5D69F}"
EndProject
Project("{8BC9CEB8-8B4A-11D0-8D11-00A0C91BC942}") = "c++数据结构", "..\c++数据结构\c++数据结构.vcxproj", "{C2C0DB9E-5851-422C-9185-F5D44206A157}"
EndProject
Project("{8BC9CEB8-8B4A-11D0-8D11-00A0C91BC942}") = "二叉树", "..\二叉树\二叉树.vcxproj", "{A1F6BEDC-D182-4BC9-AA50-2852462DD756}"
EndProject
Project("{8BC9CEB8-8B4A-11D0-8D11-00A0C91BC942}") = "C++并发编程", "..\C++并发编程\C++并发编程.vcxproj", "{916D7403-1984-44CF-9AF6-FCF1320E9C7E}"
EndProject
Project("{8BC9CEB8-8B4A-11D0-8D11-00A0C91BC942}") = "测试速度", "..\测试速度\测试速度.vcxproj", "{3326A1B3-4CED-457B-9F29-318F2F0DC21F}"
EndProject
Global
	GlobalSection(SolutionConfigurationPlatforms) = preSolution
		Debug|x64 = Debug|x64
		Debug|x86 = Debug|x86
		Release|x64 = Release|x64
		Release|x86 = Release|x86
	EndGlobalSection
	GlobalSection(ProjectConfigurationPlatforms) = postSolution
		{4BE57480-B150-4EF0-99E4-8EAC4BF140D7}.Debug|x64.ActiveCfg = Debug|x64
		{4BE57480-B150-4EF0-99E4-8EAC4BF140D7}.Debug|x64.Build.0 = Debug|x64
		{4BE57480-B150-4EF0-99E4-8EAC4BF140D7}.Debug|x86.ActiveCfg = Debug|Win32
		{4BE57480-B150-4EF0-99E4-8EAC4BF140D7}.Debug|x86.Build.0 = Debug|Win32
		{4BE57480-B150-4EF0-99E4-8EAC4BF140D7}.Release|x64.ActiveCfg = Release|x64
		{4BE57480-B150-4EF0-99E4-8EAC4BF140D7}.Release|x64.Build.0 = Release|x64
		{4BE57480-B150-4EF0-99E4-8EAC4BF140D7}.Release|x86.ActiveCfg = Release|Win32
		{4BE57480-B150-4EF0-99E4-8EAC4BF140D7}.Release|x86.Build.0 = Release|Win32
		{1407E64E-06DD-4C72-B311-75625A479105}.Debug|x64.ActiveCfg = Debug|x64
		{1407E64E-06DD-4C72-B311-75625A479105}.Debug|x64.Build.0 = Debug|x64
		{1407E64E-06DD-4C72-B311-75625A479105}.Debug|x86.ActiveCfg = Debug|x64
		{1407E64E-06DD-4C72-B311-75625A479105}.Debug|x86.Build.0 = Debug|x64
		{1407E64E-06DD-4C72-B311-75625A479105}.Release|x64.ActiveCfg = Release|x64
		{1407E64E-06DD-4C72-B311-75625A479105}.Release|x64.Build.0 = Release|x64
		{1407E64E-06DD-4C72-B311-75625A479105}.Release|x86.ActiveCfg = Release|Win32
		{1407E64E-06DD-4C72-B311-75625A479105}.Release|x86.Build.0 = Release|Win32
		{1D745196-179F-4488-BFF6-BF1C035B794B}.Debug|x64.ActiveCfg = Debug|x64
		{1D745196-179F-4488-BFF6-BF1C035B794B}.Debug|x64.Build.0 = Debug|x64
		{1D745196-179F-4488-BFF6-BF1C035B794B}.Debug|x86.ActiveCfg = Debug|Win32
		{1D745196-179F-4488-BFF6-BF1C035B794B}.Debug|x86.Build.0 = Debug|Win32
		{1D745196-179F-4488-BFF6-BF1C035B794B}.Release|x64.ActiveCfg = Release|x64
		{1D745196-179F-4488-BFF6-BF1C035B794B}.Release|x64.Build.0 = Release|x64
		{1D745196-179F-4488-BFF6-BF1C035B794B}.Release|x86.ActiveCfg = Release|Win32
		{1D745196-179F-4488-BFF6-BF1C035B794B}.Release|x86.Build.0 = Release|Win32
		{576ECB43-0253-4ADE-B2E2-29F27CFB0028}.Debug|x64.ActiveCfg = Debug|x64
		{576ECB43-0253-4ADE-B2E2-29F27CFB0028}.Debug|x64.Build.0 = Debug|x64
		{576ECB43-0253-4ADE-B2E2-29F27CFB0028}.Debug|x86.ActiveCfg = Debug|Win32
		{576ECB43-0253-4ADE-B2E2-29F27CFB0028}.Debug|x86.Build.0 = Debug|Win32
		{576ECB43-0253-4ADE-B2E2-29F27CFB0028}.Release|x64.ActiveCfg = Release|x64
		{576ECB43-0253-4ADE-B2E2-29F27CFB0028}.Release|x64.Build.0 = Release|x64
		{576ECB43-0253-4ADE-B2E2-29F27CFB0028}.Release|x86.ActiveCfg = Release|Win32
		{576ECB43-0253-4ADE-B2E2-29F27CFB0028}.Release|x86.Build.0 = Release|Win32
		{536548BC-E762-4EE1-AA30-BA7254C9F0A9}.Debug|x64.ActiveCfg = Debug|x64
		{536548BC-E762-4EE1-AA30-BA7254C9F0A9}.Debug|x64.Build.0 = Debug|x64
		{536548BC-E762-4EE1-AA30-BA7254C9F0A9}.Debug|x86.ActiveCfg = Debug|Win32
		{536548BC-E762-4EE1-AA30-BA7254C9F0A9}.Debug|x86.Build.0 = Debug|Win32
		{536548BC-E762-4EE1-AA30-BA7254C9F0A9}.Release|x64.ActiveCfg = Release|x64
		{536548BC-E762-4EE1-AA30-BA7254C9F0A9}.Release|x64.Build.0 = Release|x64
		{536548BC-E762-4EE1-AA30-BA7254C9F0A9}.Release|x86.ActiveCfg = Release|Win32
		{536548BC-E762-4EE1-AA30-BA7254C9F0A9}.Release|x86.Build.0 = Release|Win32
		{B8F506AC-CC5F-4701-B6E1-7F707EDFE652}.Debug|x64.ActiveCfg = Debug|x64
		{B8F506AC-CC5F-4701-B6E1-7F707EDFE652}.Debug|x64.Build.0 = Debug|x64
		{B8F506AC-CC5F-4701-B6E1-7F707EDFE652}.Debug|x86.ActiveCfg = Debug|Win32
		{B8F506AC-CC5F-4701-B6E1-7F707EDFE652}.Debug|x86.Build.0 = Debug|Win32
		{B8F506AC-CC5F-4701-B6E1-7F707EDFE652}.Release|x64.ActiveCfg = Release|x64
		{B8F506AC-CC5F-4701-B6E1-7F707EDFE652}.Release|x64.Build.0 = Release|x64
		{B8F506AC-CC5F-4701-B6E1-7F707EDFE652}.Release|x86.ActiveCfg = Release|Win32
		{B8F506AC-CC5F-4701-B6E1-7F707EDFE652}.Release|x86.Build.0 = Release|Win32
		{77AE63EF-0AAE-4757-A131-9D080BE5D69F}.Debug|x64.ActiveCfg = Debug|x64
		{77AE63EF-0AAE-4757-A131-9D080BE5D69F}.Debug|x64.Build.0 = Debug|x64
		{77AE63EF-0AAE-4757-A131-9D080BE5D69F}.Debug|x86.ActiveCfg = Debug|x64
		{77AE63EF-0AAE-4757-A131-9D080BE5D69F}.Debug|x86.Build.0 = Debug|x64
		{77AE63EF-0AAE-4757-A131-9D080BE5D69F}.Release|x64.ActiveCfg = Release|x64
		{77AE63EF-0AAE-4757-A131-9D080BE5D69F}.Release|x64.Build.0 = Release|x64
		{77AE63EF-0AAE-4757-A131-9D080BE5D69F}.Release|x86.ActiveCfg = Release|Win32
		{77AE63EF-0AAE-4757-A131-9D080BE5D69F}.Release|x86.Build.0 = Release|Win32
		{C2C0DB9E-5851-422C-9185-F5D44206A157}.Debug|x64.ActiveCfg = Debug|x64
		{C2C0DB9E-5851-422C-9185-F5D44206A157}.Debug|x64.Build.0 = Debug|x64
		{C2C0DB9E-5851-422C-9185-F5D44206A157}.Debug|x86.ActiveCfg = Debug|Win32
		{C2C0DB9E-5851-422C-9185-F5D44206A157}.Debug|x86.Build.0 = Debug|Win32
		{C2C0DB9E-5851-422C-9185-F5D44206A157}.Release|x64.ActiveCfg = Release|x64
		{C2C0DB9E-5851-422C-9185-F5D44206A157}.Release|x64.Build.0 = Release|x64
		{C2C0DB9E-5851-422C-9185-F5D44206A157}.Release|x86.ActiveCfg = Release|Win32
		{C2C0DB9E-5851-422C-9185-F5D44206A157}.Release|x86.Build.0 = Release|Win32
		{A1F6BEDC-D182-4BC9-AA50-2852462DD756}.Debug|x64.ActiveCfg = Debug|x64
		{A1F6BEDC-D182-4BC9-AA50-2852462DD756}.Debug|x64.Build.0 = Debug|x64
		{A1F6BEDC-D182-4BC9-AA50-2852462DD756}.Debug|x86.ActiveCfg = Debug|Win32
		{A1F6BEDC-D182-4BC9-AA50-2852462DD756}.Debug|x86.Build.0 = Debug|Win32
		{A1F6BEDC-D182-4BC9-AA50-2852462DD756}.Release|x64.ActiveCfg = Release|x64
		{A1F6BEDC-D182-4BC9-AA50-2852462DD756}.Release|x64.Build.0 = Release|x64
		{A1F6BEDC-D182-4BC9-AA50-2852462DD756}.Release|x86.ActiveCfg = Release|Win32
		{A1F6BEDC-D182-4BC9-AA50-2852462DD756}.Release|x86.Build.0 = Release|Win32
		{916D7403-1984-44CF-9AF6-FCF1320E9C7E}.Debug|x64.ActiveCfg = Debug|x64
		{916D7403-1984-44CF-9AF6-FCF1320E9C7E}.Debug|x64.Build.0 = Debug|x64
		{916D7403-1984-44CF-9AF6-FCF1320E9C7E}.Debug|x86.ActiveCfg = Debug|Win32
		{916D7403-1984-44CF-9AF6-FCF1320E9C7E}.Debug|x86.Build.0 = Debug|Win32
		{916D7403-1984-44CF-9AF6-FCF1320E9C7E}.Release|x64.ActiveCfg = Release|x64
		{916D7403-1984-44CF-9AF6-FCF1320E9C7E}.Release|x64.Build.0 = Release|x64
		{916D7403-1984-44CF-9AF6-FCF1320E9C7E}.Release|x86.ActiveCfg = Release|Win32
		{916D7403-1984-44CF-9AF6-FCF1320E9C7E}.Release|x86.Build.0 = Release|Win32
		{3326A1B3-4CED-457B-9F29-318F2F0DC21F}.Debug|x64.ActiveCfg = Debug|x64
		{3326A1B3-4CED-457B-9F29-318F2F0DC21F}.Debug|x64.Build.0 = Debug|x64
		{3326A1B3-4CED-457B-9F29-318F2F0DC21F}.Debug|x86.ActiveCfg = Debug|Win32
		{3326A1B3-4CED-457B-9F29-318F2F0DC21F}.Debug|x86.Build.0 = Debug|Win32
		{3326A1B3-4CED-457B-9F29-318F2F0DC21F}.Release|x64.ActiveCfg = Release|x64
		{3326A1B3-4CED-457B-9F29-318F2F0DC21F}.Release|x64.Build.0 = Release|x64
		{3326A1B3-4CED-457B-9F29-318F2F0DC21F}.Release|x86.ActiveCfg = Release|Win32
		{3326A1B3-4CED-457B-9F29-318F2F0DC21F}.Release|x86.Build.0 = Release|Win32
	EndGlobalSection
	GlobalSection(SolutionProperties) = preSolution
		HideSolutionNode = FALSE
	EndGlobalSection
	GlobalSection(ExtensibilityGlobals) = postSolution
		SolutionGuid = {34E63DD0-BCF8-40C1-AD2D-4D0FE2857BEA}
	EndGlobalSection
EndGlobal
