
Microsoft Visual Studio Solution File, Format Version 12.00
# Visual Studio Version 17
VisualStudioVersion = 17.4.33110.190
MinimumVisualStudioVersion = 10.0.40219.1
Project("{8BC9CEB8-8B4A-11D0-8D11-00A0C91BC942}") = "demo", "demo.vcxproj", "{FC008C11-5113-4C78-829A-84DF07E5D1EE}"
EndProject
Global
	GlobalSection(SolutionConfigurationPlatforms) = preSolution
		Debug|x64 = Debug|x64
		Debug|x86 = Debug|x86
		Release|x64 = Release|x64
		Release|x86 = Release|x86
	EndGlobalSection
	GlobalSection(ProjectConfigurationPlatforms) = postSolution
		{FC008C11-5113-4C78-829A-84DF07E5D1EE}.Debug|x64.ActiveCfg = Debug|x64
		{FC008C11-5113-4C78-829A-84DF07E5D1EE}.Debug|x64.Build.0 = Debug|x64
		{FC008C11-5113-4C78-829A-84DF07E5D1EE}.Debug|x86.ActiveCfg = Debug|Win32
		{FC008C11-5113-4C78-829A-84DF07E5D1EE}.Debug|x86.Build.0 = Debug|Win32
		{FC008C11-5113-4C78-829A-84DF07E5D1EE}.Release|x64.ActiveCfg = Release|x64
		{FC008C11-5113-4C78-829A-84DF07E5D1EE}.Release|x64.Build.0 = Release|x64
		{FC008C11-5113-4C78-829A-84DF07E5D1EE}.Release|x86.ActiveCfg = Release|Win32
		{FC008C11-5113-4C78-829A-84DF07E5D1EE}.Release|x86.Build.0 = Release|Win32
	EndGlobalSection
	GlobalSection(SolutionProperties) = preSolution
		HideSolutionNode = FALSE
	EndGlobalSection
	GlobalSection(ExtensibilityGlobals) = postSolution
		SolutionGuid = {CE77DBB5-C936-40CC-9626-C8C7781C654F}
	EndGlobalSection
EndGlobal
