
Microsoft Visual Studio Solution File, Format Version 12.00
# Visual Studio Version 17
VisualStudioVersion = 17.3.32901.215
MinimumVisualStudioVersion = 10.0.40219.1
Project("{8BC9CEB8-8B4A-11D0-8D11-00A0C91BC942}") = "DesignPatterns", "DesignPatterns.vcxproj", "{72B59437-2932-4578-A3AD-9DA49198138E}"
EndProject
Global
	GlobalSection(SolutionConfigurationPlatforms) = preSolution
		Debug|x64 = Debug|x64
		Debug|x86 = Debug|x86
		Release|x64 = Release|x64
		Release|x86 = Release|x86
	EndGlobalSection
	GlobalSection(ProjectConfigurationPlatforms) = postSolution
		{72B59437-2932-4578-A3AD-9DA49198138E}.Debug|x64.ActiveCfg = Debug|x64
		{72B59437-2932-4578-A3AD-9DA49198138E}.Debug|x64.Build.0 = Debug|x64
		{72B59437-2932-4578-A3AD-9DA49198138E}.Debug|x86.ActiveCfg = Debug|Win32
		{72B59437-2932-4578-A3AD-9DA49198138E}.Debug|x86.Build.0 = Debug|Win32
		{72B59437-2932-4578-A3AD-9DA49198138E}.Release|x64.ActiveCfg = Release|x64
		{72B59437-2932-4578-A3AD-9DA49198138E}.Release|x64.Build.0 = Release|x64
		{72B59437-2932-4578-A3AD-9DA49198138E}.Release|x86.ActiveCfg = Release|Win32
		{72B59437-2932-4578-A3AD-9DA49198138E}.Release|x86.Build.0 = Release|Win32
	EndGlobalSection
	GlobalSection(SolutionProperties) = preSolution
		HideSolutionNode = FALSE
	EndGlobalSection
	GlobalSection(ExtensibilityGlobals) = postSolution
		SolutionGuid = {02094478-D8A7-4B92-9F97-162EFF8A7406}
	EndGlobalSection
EndGlobal
